{
  "name": "cli",
  "version": "1.0.0",
  "lockfileVersion": 1,
  "requires": true,
  "dependencies": {
    "debug": {
      "version": "4.2.0",
      "resolved": "https://registry.npmjs.org/debug/-/debug-4.2.0.tgz",
      "integrity": "sha512-IX2ncY78vDTjZMFUdmsvIRFY2Cf4FnD0wRs+nQwJU8Lu99/tPFdb0VybiiMTPe3I6rQmwsqQqRBvxU+bZ/I8sg==",
      "requires": {
        "ms": "2.1.2"
      }
    },
    "fecha": {
      "version": "4.2.0",
      "resolved": "https://registry.npmjs.org/fecha/-/fecha-4.2.0.tgz",
      "integrity": "sha512-aN3pcx/DSmtyoovUudctc8+6Hl4T+hI9GBBHLjA76jdZl7+b1sgh5g4k+u/GL3dTy1/pnYzKp69FpJ0OicE3Wg=="
    },
    "iconv-lite": {
      "version": "0.5.2",
      "resolved": "https://registry.npmjs.org/iconv-lite/-/iconv-lite-0.5.2.tgz",
      "integrity": "sha512-kERHXvpSaB4aU3eANwidg79K8FlrN77m8G9V+0vOR3HYaRifrlwMEpT7ZBJqLSEIHnEgJTHcWK82wwLwwKwtag==",
      "requires": {
        "safer-buffer": ">= 2.1.2 < 3"
      }
    },
    "jschardet": {
      "version": "2.2.1",
      "resolved": "https://registry.npmjs.org/jschardet/-/jschardet-2.2.1.tgz",
      "integrity": "sha512-Ks2JNuUJoc7PGaZ7bVFtSEvOcr0rBq6Q1J5/7+zKWLT+g+4zziL63O0jg7y2jxhzIa1LVsHUbPXrbaWmz9iwDw=="
    },
    "ms": {
      "version": "2.1.2",
      "resolved": "https://registry.npmjs.org/ms/-/ms-2.1.2.tgz",
      "integrity": "sha512-sGkPx+VjMtmA6MX27oA4FBFELFCZZ4S4XqeGOXCv68tT+jb3vk/RyaKWP0PTKyWtmLSM0b+adUTEvbs1PEaH2w=="
    },
    "qif": {
      "version": "0.0.2",
      "resolved": "https://registry.npmjs.org/qif/-/qif-0.0.2.tgz",
      "integrity": "sha1-K1lha9odhM297F8vK/rr/SQf9Ec="
    },
    "qif2json": {
      "version": "git+ssh://git@github.com/gustawdaniel/qif2json.git#32d0fb13321ec202f0c73122002ee50b826eb332",
      "from": "git+ssh://git@github.com/gustawdaniel/qif2json.git",
      "requires": {
        "debug": "^4.1.1",
        "fecha": "^4.2.0",
        "iconv-lite": "^0.5.1",
        "jschardet": "^2.1.1"
      }
    },
    "safer-buffer": {
      "version": "2.1.2",
      "resolved": "https://registry.npmjs.org/safer-buffer/-/safer-buffer-2.1.2.tgz",
      "integrity": "sha512-YZo3K82SD7Riyi0E1EQPojLz7kpepnSQI9IyPbHHg1XXXevb5dJI7tpyN2ADxGcQbHG7vcyRHk0cbwqcQriUtg=="
    }
  }
}
